
Microsoft Visual Studio Solution File, Format Version 12.00
# Visual Studio Version 16
VisualStudioVersion = 16.0.31911.196
MinimumVisualStudioVersion = 10.0.40219.1
Project("{8BC9CEB8-8B4A-11D0-8D11-00A0C91BC942}") = "Sandbox", "Sandbox\Sandbox.vcxproj", "{D8B083D7-B676-49EE-ABAE-51CE784017CD}"
EndProject
Project("{8BC9CEB8-8B4A-11D0-8D11-00A0C91BC942}") = "Pine", "Pine\Pine.vcxproj", "{17207262-3AA5-4D76-A247-8FFE79C81664}"
EndProject
Global
	GlobalSection(SolutionConfigurationPlatforms) = preSolution
		Debug|x64 = Debug|x64
		Release|x64 = Release|x64
	EndGlobalSection
	GlobalSection(ProjectConfigurationPlatforms) = postSolution
		{17207262-3AA5-4D76-A247-8FFE79C81664}.Debug|x64.ActiveCfg = Debug|x64
		{17207262-3AA5-4D76-A247-8FFE79C81664}.Debug|x64.Build.0 = Debug|x64
		{17207262-3AA5-4D76-A247-8FFE79C81664}.Release|x64.ActiveCfg = Release|x64
		{17207262-3AA5-4D76-A247-8FFE79C81664}.Release|x64.Build.0 = Release|x64
		{D8B083D7-B676-49EE-ABAE-51CE784017CD}.Debug|x64.ActiveCfg = Debug|x64
		{D8B083D7-B676-49EE-ABAE-51CE784017CD}.Debug|x64.Build.0 = Debug|x64
		{D8B083D7-B676-49EE-ABAE-51CE784017CD}.Release|x64.ActiveCfg = Release|x64
		{D8B083D7-B676-49EE-ABAE-51CE784017CD}.Release|x64.Build.0 = Release|x64
	EndGlobalSection
	GlobalSection(SolutionProperties) = preSolution
		HideSolutionNode = FALSE
	EndGlobalSection
	GlobalSection(ExtensibilityGlobals) = postSolution
		SolutionGuid = {C45BDB94-82CA-4575-AA89-C4E3FD9505BD}
	EndGlobalSection
EndGlobal
